
Microsoft Visual Studio Solution File, Format Version 12.00
# Visual Studio Version 16
VisualStudioVersion = 16.0.33328.57
MinimumVisualStudioVersion = 10.0.40219.1
Project("{00D1A9C2-B5F0-4AF3-8072-F6C62B433612}") = "SQLDatabaseAutoDeploy", "SQLDatabaseAutoDeploy.sqlproj", "{E2E321AD-8A80-46CB-B7C9-78BFA6B3D6F5}"
EndProject
Global
	GlobalSection(SolutionConfigurationPlatforms) = preSolution
		Debug|Any CPU = Debug|Any CPU
		Release|Any CPU = Release|Any CPU
	EndGlobalSection
	GlobalSection(ProjectConfigurationPlatforms) = postSolution
		{E2E321AD-8A80-46CB-B7C9-78BFA6B3D6F5}.Debug|Any CPU.ActiveCfg = Debug|Any CPU
		{E2E321AD-8A80-46CB-B7C9-78BFA6B3D6F5}.Debug|Any CPU.Build.0 = Debug|Any CPU
		{E2E321AD-8A80-46CB-B7C9-78BFA6B3D6F5}.Debug|Any CPU.Deploy.0 = Debug|Any CPU
		{E2E321AD-8A80-46CB-B7C9-78BFA6B3D6F5}.Release|Any CPU.ActiveCfg = Release|Any CPU
		{E2E321AD-8A80-46CB-B7C9-78BFA6B3D6F5}.Release|Any CPU.Build.0 = Release|Any CPU
		{E2E321AD-8A80-46CB-B7C9-78BFA6B3D6F5}.Release|Any CPU.Deploy.0 = Release|Any CPU
	EndGlobalSection
	GlobalSection(SolutionProperties) = preSolution
		HideSolutionNode = FALSE
	EndGlobalSection
	GlobalSection(ExtensibilityGlobals) = postSolution
		SolutionGuid = {4DCA2B11-9C13-4E32-8185-5C7E871EDD4D}
	EndGlobalSection
EndGlobal
